// !$*UTF8*$!
{
	archiveVersion = 1;
	classes = {
	};
	objectVersion = 77;
	objects = {

/* Begin PBXBuildFile section */
		E0AC35972DAEE049004FC30E /* AniAPI in Frameworks */ = {isa = PBXBuildFile; productRef = E0AC35962DAEE049004FC30E /* AniAPI */; };
/* End PBXBuildFile section */

/* Begin PBXContainerItemProxy section */
		E07B26422D9DC52E002A21C9 /* PBXContainerItemProxy */ = {
			isa = PBXContainerItemProxy;
			containerPortal = E07B26292D9DC52C002A21C9 /* Project object */;
			proxyType = 1;
			remoteGlobalIDString = E07B26302D9DC52C002A21C9;
			remoteInfo = AniList;
		};
		E07B264C2D9DC52E002A21C9 /* PBXContainerItemProxy */ = {
			isa = PBXContainerItemProxy;
			containerPortal = E07B26292D9DC52C002A21C9 /* Project object */;
			proxyType = 1;
			remoteGlobalIDString = E07B26302D9DC52C002A21C9;
			remoteInfo = AniList;
		};
/* End PBXContainerItemProxy section */

/* Begin PBXFileReference section */
		E07B26312D9DC52C002A21C9 /* AniList.app */ = {isa = PBXFileReference; explicitFileType = wrapper.application; includeInIndex = 0; path = AniList.app; sourceTree = BUILT_PRODUCTS_DIR; };
		E07B26412D9DC52E002A21C9 /* AniListTests.xctest */ = {isa = PBXFileReference; explicitFileType = wrapper.cfbundle; includeInIndex = 0; path = AniListTests.xctest; sourceTree = BUILT_PRODUCTS_DIR; };
		E07B264B2D9DC52E002A21C9 /* AniListUITests.xctest */ = {isa = PBXFileReference; explicitFileType = wrapper.cfbundle; includeInIndex = 0; path = AniListUITests.xctest; sourceTree = BUILT_PRODUCTS_DIR; };
		E0AC35942DAEDECB004FC30E /* AniAPI */ = {isa = PBXFileReference; lastKnownFileType = wrapper; path = AniAPI; sourceTree = "<group>"; };
/* End PBXFileReference section */

/* Begin PBXFileSystemSynchronizedBuildFileExceptionSet section */
		E0F2DA7D2DA0190200414A27 /* Exceptions for "GraphQL" folder in "AniList" target */ = {
			isa = PBXFileSystemSynchronizedBuildFileExceptionSet;
			membershipExceptions = (
				Queries/AnimeDetails.graphql,
				Queries/AnimeList.graphql,
				Queries/SearchQuery.graphql,
			);
			target = E07B26302D9DC52C002A21C9 /* AniList */;
		};
/* End PBXFileSystemSynchronizedBuildFileExceptionSet section */

/* Begin PBXFileSystemSynchronizedGroupBuildPhaseMembershipExceptionSet section */
		E0F2DA7E2DA0190200414A27 /* Exceptions for "GraphQL" folder in "Compile Sources" phase from "AniList" target */ = {
			isa = PBXFileSystemSynchronizedGroupBuildPhaseMembershipExceptionSet;
			buildPhase = E07B262D2D9DC52C002A21C9 /* Sources */;
			membershipExceptions = (
				Queries/AnimeDetails.graphql,
				Queries/AnimeList.graphql,
				Queries/SearchQuery.graphql,
			);
		};
/* End PBXFileSystemSynchronizedGroupBuildPhaseMembershipExceptionSet section */

/* Begin PBXFileSystemSynchronizedRootGroup section */
		E07B26332D9DC52C002A21C9 /* AniList */ = {
			isa = PBXFileSystemSynchronizedRootGroup;
			path = AniList;
			sourceTree = "<group>";
		};
		E07B26442D9DC52E002A21C9 /* AniListTests */ = {
			isa = PBXFileSystemSynchronizedRootGroup;
			path = AniListTests;
			sourceTree = "<group>";
		};
		E07B264E2D9DC52E002A21C9 /* AniListUITests */ = {
			isa = PBXFileSystemSynchronizedRootGroup;
			path = AniListUITests;
			sourceTree = "<group>";
		};
		E07B27B62D9F42BA002A21C9 /* GraphQL */ = {
			isa = PBXFileSystemSynchronizedRootGroup;
			exceptions = (
				E0F2DA7D2DA0190200414A27 /* Exceptions for "GraphQL" folder in "AniList" target */,
				E0F2DA7E2DA0190200414A27 /* Exceptions for "GraphQL" folder in "Compile Sources" phase from "AniList" target */,
			);
			path = GraphQL;
			sourceTree = "<group>";
		};
/* End PBXFileSystemSynchronizedRootGroup section */

/* Begin PBXFrameworksBuildPhase section */
		E07B262E2D9DC52C002A21C9 /* Frameworks */ = {
			isa = PBXFrameworksBuildPhase;
			buildActionMask = 2147483647;
			files = (
				E0AC35972DAEE049004FC30E /* AniAPI in Frameworks */,
			);
			runOnlyForDeploymentPostprocessing = 0;
		};
		E07B263E2D9DC52E002A21C9 /* Frameworks */ = {
			isa = PBXFrameworksBuildPhase;
			buildActionMask = 2147483647;
			files = (
			);
			runOnlyForDeploymentPostprocessing = 0;
		};
		E07B26482D9DC52E002A21C9 /* Frameworks */ = {
			isa = PBXFrameworksBuildPhase;
			buildActionMask = 2147483647;
			files = (
			);
			runOnlyForDeploymentPostprocessing = 0;
		};
/* End PBXFrameworksBuildPhase section */

/* Begin PBXGroup section */
		E07B26282D9DC52C002A21C9 = {
			isa = PBXGroup;
			children = (
				E0AC35942DAEDECB004FC30E /* AniAPI */,
				E07B27B62D9F42BA002A21C9 /* GraphQL */,
				E07B26332D9DC52C002A21C9 /* AniList */,
				E07B26442D9DC52E002A21C9 /* AniListTests */,
				E07B264E2D9DC52E002A21C9 /* AniListUITests */,
				E07B26322D9DC52C002A21C9 /* Products */,
			);
			sourceTree = "<group>";
		};
		E07B26322D9DC52C002A21C9 /* Products */ = {
			isa = PBXGroup;
			children = (
				E07B26312D9DC52C002A21C9 /* AniList.app */,
				E07B26412D9DC52E002A21C9 /* AniListTests.xctest */,
				E07B264B2D9DC52E002A21C9 /* AniListUITests.xctest */,
			);
			name = Products;
			sourceTree = "<group>";
		};
/* End PBXGroup section */

/* Begin PBXNativeTarget section */
		E07B26302D9DC52C002A21C9 /* AniList */ = {
			isa = PBXNativeTarget;
			buildConfigurationList = E07B26552D9DC52E002A21C9 /* Build configuration list for PBXNativeTarget "AniList" */;
			buildPhases = (
				E07B262D2D9DC52C002A21C9 /* Sources */,
				E07B262E2D9DC52C002A21C9 /* Frameworks */,
				E07B262F2D9DC52C002A21C9 /* Resources */,
				E07B27C62D9F5C80002A21C9 /* SwiftLintScript */,
			);
			buildRules = (
			);
			dependencies = (
			);
			fileSystemSynchronizedGroups = (
				E07B26332D9DC52C002A21C9 /* AniList */,
				E07B27B62D9F42BA002A21C9 /* GraphQL */,
			);
			name = AniList;
			packageProductDependencies = (
				E0AC35962DAEE049004FC30E /* AniAPI */,
			);
			productName = AniList;
			productReference = E07B26312D9DC52C002A21C9 /* AniList.app */;
			productType = "com.apple.product-type.application";
		};
		E07B26402D9DC52E002A21C9 /* AniListTests */ = {
			isa = PBXNativeTarget;
			buildConfigurationList = E07B26582D9DC52E002A21C9 /* Build configuration list for PBXNativeTarget "AniListTests" */;
			buildPhases = (
				E07B263D2D9DC52E002A21C9 /* Sources */,
				E07B263E2D9DC52E002A21C9 /* Frameworks */,
				E07B263F2D9DC52E002A21C9 /* Resources */,
			);
			buildRules = (
			);
			dependencies = (
				E07B26432D9DC52E002A21C9 /* PBXTargetDependency */,
			);
			fileSystemSynchronizedGroups = (
				E07B26442D9DC52E002A21C9 /* AniListTests */,
			);
			name = AniListTests;
			packageProductDependencies = (
			);
			productName = AniListTests;
			productReference = E07B26412D9DC52E002A21C9 /* AniListTests.xctest */;
			productType = "com.apple.product-type.bundle.unit-test";
		};
		E07B264A2D9DC52E002A21C9 /* AniListUITests */ = {
			isa = PBXNativeTarget;
			buildConfigurationList = E07B265B2D9DC52E002A21C9 /* Build configuration list for PBXNativeTarget "AniListUITests" */;
			buildPhases = (
				E07B26472D9DC52E002A21C9 /* Sources */,
				E07B26482D9DC52E002A21C9 /* Frameworks */,
				E07B26492D9DC52E002A21C9 /* Resources */,
			);
			buildRules = (
			);
			dependencies = (
				E07B264D2D9DC52E002A21C9 /* PBXTargetDependency */,
			);
			fileSystemSynchronizedGroups = (
				E07B264E2D9DC52E002A21C9 /* AniListUITests */,
			);
			name = AniListUITests;
			packageProductDependencies = (
			);
			productName = AniListUITests;
			productReference = E07B264B2D9DC52E002A21C9 /* AniListUITests.xctest */;
			productType = "com.apple.product-type.bundle.ui-testing";
		};
/* End PBXNativeTarget section */

/* Begin PBXProject section */
		E07B26292D9DC52C002A21C9 /* Project object */ = {
			isa = PBXProject;
			attributes = {
				BuildIndependentTargetsInParallel = 1;
				LastSwiftUpdateCheck = 1620;
				LastUpgradeCheck = 1620;
				TargetAttributes = {
					E07B26302D9DC52C002A21C9 = {
						CreatedOnToolsVersion = 16.2;
					};
					E07B26402D9DC52E002A21C9 = {
						CreatedOnToolsVersion = 16.2;
						TestTargetID = E07B26302D9DC52C002A21C9;
					};
					E07B264A2D9DC52E002A21C9 = {
						CreatedOnToolsVersion = 16.2;
						TestTargetID = E07B26302D9DC52C002A21C9;
					};
				};
			};
			buildConfigurationList = E07B262C2D9DC52C002A21C9 /* Build configuration list for PBXProject "AniList" */;
			developmentRegion = en;
			hasScannedForEncodings = 0;
			knownRegions = (
				en,
				Base,
			);
			mainGroup = E07B26282D9DC52C002A21C9;
			minimizedProjectReferenceProxies = 1;
			packageReferences = (
				E07B27C52D9F5C52002A21C9 /* XCRemoteSwiftPackageReference "SwiftLint" */,
				E0F2DA802DA021F800414A27 /* XCRemoteSwiftPackageReference "apollo-ios" */,
				E0AC35952DAEE049004FC30E /* XCLocalSwiftPackageReference "AniAPI" */,
			);
			preferredProjectObjectVersion = 77;
			productRefGroup = E07B26322D9DC52C002A21C9 /* Products */;
			projectDirPath = "";
			projectRoot = "";
			targets = (
				E07B26302D9DC52C002A21C9 /* AniList */,
				E07B26402D9DC52E002A21C9 /* AniListTests */,
				E07B264A2D9DC52E002A21C9 /* AniListUITests */,
			);
		};
/* End PBXProject section */

/* Begin PBXResourcesBuildPhase section */
		E07B262F2D9DC52C002A21C9 /* Resources */ = {
			isa = PBXResourcesBuildPhase;
			buildActionMask = 2147483647;
			files = (
			);
			runOnlyForDeploymentPostprocessing = 0;
		};
		E07B263F2D9DC52E002A21C9 /* Resources */ = {
			isa = PBXResourcesBuildPhase;
			buildActionMask = 2147483647;
			files = (
			);
			runOnlyForDeploymentPostprocessing = 0;
		};
		E07B26492D9DC52E002A21C9 /* Resources */ = {
			isa = PBXResourcesBuildPhase;
			buildActionMask = 2147483647;
			files = (
			);
			runOnlyForDeploymentPostprocessing = 0;
		};
/* End PBXResourcesBuildPhase section */

/* Begin PBXShellScriptBuildPhase section */
		E07B27C62D9F5C80002A21C9 /* SwiftLintScript */ = {
			isa = PBXShellScriptBuildPhase;
			alwaysOutOfDate = 1;
			buildActionMask = 2147483647;
			files = (
			);
			inputFileListPaths = (
			);
			inputPaths = (
			);
			name = SwiftLintScript;
			outputFileListPaths = (
			);
			outputPaths = (
			);
			runOnlyForDeploymentPostprocessing = 0;
			shellPath = /bin/sh;
			shellScript = "# Type a script or drag a script file from your workspace to insert its path.\nif [[ \"$(uname -m)\" == arm64 ]]\nthen\n    export PATH=\"/opt/homebrew/bin:$PATH\"\nfi\n\nif command -v swiftlint >/dev/null 2>&1\nthen\n    swiftlint\nelse\n    echo \"warning: `swiftlint` command not found - See https://github.com/realm/SwiftLint#installation for installation instructions.\"\nfi\n";
		};
/* End PBXShellScriptBuildPhase section */

/* Begin PBXSourcesBuildPhase section */
		E07B262D2D9DC52C002A21C9 /* Sources */ = {
			isa = PBXSourcesBuildPhase;
			buildActionMask = 2147483647;
			files = (
			);
			runOnlyForDeploymentPostprocessing = 0;
		};
		E07B263D2D9DC52E002A21C9 /* Sources */ = {
			isa = PBXSourcesBuildPhase;
			buildActionMask = 2147483647;
			files = (
			);
			runOnlyForDeploymentPostprocessing = 0;
		};
		E07B26472D9DC52E002A21C9 /* Sources */ = {
			isa = PBXSourcesBuildPhase;
			buildActionMask = 2147483647;
			files = (
			);
			runOnlyForDeploymentPostprocessing = 0;
		};
/* End PBXSourcesBuildPhase section */

/* Begin PBXTargetDependency section */
		E07B26432D9DC52E002A21C9 /* PBXTargetDependency */ = {
			isa = PBXTargetDependency;
			target = E07B26302D9DC52C002A21C9 /* AniList */;
			targetProxy = E07B26422D9DC52E002A21C9 /* PBXContainerItemProxy */;
		};
		E07B264D2D9DC52E002A21C9 /* PBXTargetDependency */ = {
			isa = PBXTargetDependency;
			target = E07B26302D9DC52C002A21C9 /* AniList */;
			targetProxy = E07B264C2D9DC52E002A21C9 /* PBXContainerItemProxy */;
		};
/* End PBXTargetDependency section */

/* Begin XCBuildConfiguration section */
		E07B26532D9DC52E002A21C9 /* Debug */ = {
			isa = XCBuildConfiguration;
			buildSettings = {
				ALWAYS_SEARCH_USER_PATHS = NO;
				ASSETCATALOG_COMPILER_GENERATE_SWIFT_ASSET_SYMBOL_EXTENSIONS = YES;
				CLANG_ANALYZER_NONNULL = YES;
				CLANG_ANALYZER_NUMBER_OBJECT_CONVERSION = YES_AGGRESSIVE;
				CLANG_CXX_LANGUAGE_STANDARD = "gnu++20";
				CLANG_ENABLE_MODULES = YES;
				CLANG_ENABLE_OBJC_ARC = YES;
				CLANG_ENABLE_OBJC_WEAK = YES;
				CLANG_WARN_BLOCK_CAPTURE_AUTORELEASING = YES;
				CLANG_WARN_BOOL_CONVERSION = YES;
				CLANG_WARN_COMMA = YES;
				CLANG_WARN_CONSTANT_CONVERSION = YES;
				CLANG_WARN_DEPRECATED_OBJC_IMPLEMENTATIONS = YES;
				CLANG_WARN_DIRECT_OBJC_ISA_USAGE = YES_ERROR;
				CLANG_WARN_DOCUMENTATION_COMMENTS = YES;
				CLANG_WARN_EMPTY_BODY = YES;
				CLANG_WARN_ENUM_CONVERSION = YES;
				CLANG_WARN_INFINITE_RECURSION = YES;
				CLANG_WARN_INT_CONVERSION = YES;
				CLANG_WARN_NON_LITERAL_NULL_CONVERSION = YES;
				CLANG_WARN_OBJC_IMPLICIT_RETAIN_SELF = YES;
				CLANG_WARN_OBJC_LITERAL_CONVERSION = YES;
				CLANG_WARN_OBJC_ROOT_CLASS = YES_ERROR;
				CLANG_WARN_QUOTED_INCLUDE_IN_FRAMEWORK_HEADER = YES;
				CLANG_WARN_RANGE_LOOP_ANALYSIS = YES;
				CLANG_WARN_STRICT_PROTOTYPES = YES;
				CLANG_WARN_SUSPICIOUS_MOVE = YES;
				CLANG_WARN_UNGUARDED_AVAILABILITY = YES_AGGRESSIVE;
				CLANG_WARN_UNREACHABLE_CODE = YES;
				CLANG_WARN__DUPLICATE_METHOD_MATCH = YES;
				COPY_PHASE_STRIP = NO;
				DEBUG_INFORMATION_FORMAT = dwarf;
				ENABLE_STRICT_OBJC_MSGSEND = YES;
				ENABLE_TESTABILITY = YES;
				ENABLE_USER_SCRIPT_SANDBOXING = NO;
				GCC_C_LANGUAGE_STANDARD = gnu17;
				GCC_DYNAMIC_NO_PIC = NO;
				GCC_NO_COMMON_BLOCKS = YES;
				GCC_OPTIMIZATION_LEVEL = 0;
				GCC_PREPROCESSOR_DEFINITIONS = (
					"DEBUG=1",
					"$(inherited)",
				);
				GCC_WARN_64_TO_32_BIT_CONVERSION = YES;
				GCC_WARN_ABOUT_RETURN_TYPE = YES_ERROR;
				GCC_WARN_UNDECLARED_SELECTOR = YES;
				GCC_WARN_UNINITIALIZED_AUTOS = YES_AGGRESSIVE;
				GCC_WARN_UNUSED_FUNCTION = YES;
				GCC_WARN_UNUSED_VARIABLE = YES;
				IPHONEOS_DEPLOYMENT_TARGET = 18.2;
				LOCALIZATION_PREFERS_STRING_CATALOGS = YES;
				MTL_ENABLE_DEBUG_INFO = INCLUDE_SOURCE;
				MTL_FAST_MATH = YES;
				ONLY_ACTIVE_ARCH = YES;
				SDKROOT = iphoneos;
				SWIFT_ACTIVE_COMPILATION_CONDITIONS = "DEBUG $(inherited)";
				SWIFT_OPTIMIZATION_LEVEL = "-Onone";
			};
			name = Debug;
		};
		E07B26542D9DC52E002A21C9 /* Release */ = {
			isa = XCBuildConfiguration;
			buildSettings = {
				ALWAYS_SEARCH_USER_PATHS = NO;
				ASSETCATALOG_COMPILER_GENERATE_SWIFT_ASSET_SYMBOL_EXTENSIONS = YES;
				CLANG_ANALYZER_NONNULL = YES;
				CLANG_ANALYZER_NUMBER_OBJECT_CONVERSION = YES_AGGRESSIVE;
				CLANG_CXX_LANGUAGE_STANDARD = "gnu++20";
				CLANG_ENABLE_MODULES = YES;
				CLANG_ENABLE_OBJC_ARC = YES;
				CLANG_ENABLE_OBJC_WEAK = YES;
				CLANG_WARN_BLOCK_CAPTURE_AUTORELEASING = YES;
				CLANG_WARN_BOOL_CONVERSION = YES;
				CLANG_WARN_COMMA = YES;
				CLANG_WARN_CONSTANT_CONVERSION = YES;
				CLANG_WARN_DEPRECATED_OBJC_IMPLEMENTATIONS = YES;
				CLANG_WARN_DIRECT_OBJC_ISA_USAGE = YES_ERROR;
				CLANG_WARN_DOCUMENTATION_COMMENTS = YES;
				CLANG_WARN_EMPTY_BODY = YES;
				CLANG_WARN_ENUM_CONVERSION = YES;
				CLANG_WARN_INFINITE_RECURSION = YES;
				CLANG_WARN_INT_CONVERSION = YES;
				CLANG_WARN_NON_LITERAL_NULL_CONVERSION = YES;
				CLANG_WARN_OBJC_IMPLICIT_RETAIN_SELF = YES;
				CLANG_WARN_OBJC_LITERAL_CONVERSION = YES;
				CLANG_WARN_OBJC_ROOT_CLASS = YES_ERROR;
				CLANG_WARN_QUOTED_INCLUDE_IN_FRAMEWORK_HEADER = YES;
				CLANG_WARN_RANGE_LOOP_ANALYSIS = YES;
				CLANG_WARN_STRICT_PROTOTYPES = YES;
				CLANG_WARN_SUSPICIOUS_MOVE = YES;
				CLANG_WARN_UNGUARDED_AVAILABILITY = YES_AGGRESSIVE;
				CLANG_WARN_UNREACHABLE_CODE = YES;
				CLANG_WARN__DUPLICATE_METHOD_MATCH = YES;
				COPY_PHASE_STRIP = NO;
				DEBUG_INFORMATION_FORMAT = "dwarf-with-dsym";
				ENABLE_NS_ASSERTIONS = NO;
				ENABLE_STRICT_OBJC_MSGSEND = YES;
				ENABLE_USER_SCRIPT_SANDBOXING = NO;
				GCC_C_LANGUAGE_STANDARD = gnu17;
				GCC_NO_COMMON_BLOCKS = YES;
				GCC_WARN_64_TO_32_BIT_CONVERSION = YES;
				GCC_WARN_ABOUT_RETURN_TYPE = YES_ERROR;
				GCC_WARN_UNDECLARED_SELECTOR = YES;
				GCC_WARN_UNINITIALIZED_AUTOS = YES_AGGRESSIVE;
				GCC_WARN_UNUSED_FUNCTION = YES;
				GCC_WARN_UNUSED_VARIABLE = YES;
				IPHONEOS_DEPLOYMENT_TARGET = 18.2;
				LOCALIZATION_PREFERS_STRING_CATALOGS = YES;
				MTL_ENABLE_DEBUG_INFO = NO;
				MTL_FAST_MATH = YES;
				SDKROOT = iphoneos;
				SWIFT_COMPILATION_MODE = wholemodule;
				VALIDATE_PRODUCT = YES;
			};
			name = Release;
		};
		E07B26562D9DC52E002A21C9 /* Debug */ = {
			isa = XCBuildConfiguration;
			buildSettings = {
				ASSETCATALOG_COMPILER_APPICON_NAME = AppIcon;
				ASSETCATALOG_COMPILER_GLOBAL_ACCENT_COLOR_NAME = AccentColor;
				CODE_SIGN_STYLE = Automatic;
				CURRENT_PROJECT_VERSION = 1;
				DEVELOPMENT_ASSET_PATHS = "\"AniList/Preview Content\"";
				DEVELOPMENT_TEAM = SRXHT55569;
				ENABLE_PREVIEWS = YES;
				GENERATE_INFOPLIST_FILE = YES;
				INFOPLIST_KEY_UIApplicationSceneManifest_Generation = YES;
				INFOPLIST_KEY_UIApplicationSupportsIndirectInputEvents = YES;
				INFOPLIST_KEY_UILaunchScreen_Generation = YES;
				INFOPLIST_KEY_UISupportedInterfaceOrientations_iPad = "UIInterfaceOrientationPortrait UIInterfaceOrientationPortraitUpsideDown UIInterfaceOrientationLandscapeLeft UIInterfaceOrientationLandscapeRight";
				INFOPLIST_KEY_UISupportedInterfaceOrientations_iPhone = "UIInterfaceOrientationPortrait UIInterfaceOrientationLandscapeLeft UIInterfaceOrientationLandscapeRight";
				LD_RUNPATH_SEARCH_PATHS = (
					"$(inherited)",
					"@executable_path/Frameworks",
				);
				MARKETING_VERSION = 1.0;
				PRODUCT_BUNDLE_IDENTIFIER = AsyncSwiftUI.AniList;
				PRODUCT_NAME = "$(TARGET_NAME)";
				SWIFT_EMIT_LOC_STRINGS = YES;
				SWIFT_VERSION = 5.0;
				TARGETED_DEVICE_FAMILY = "1,2";
			};
			name = Debug;
		};
		E07B26572D9DC52E002A21C9 /* Release */ = {
			isa = XCBuildConfiguration;
			buildSettings = {
				ASSETCATALOG_COMPILER_APPICON_NAME = AppIcon;
				ASSETCATALOG_COMPILER_GLOBAL_ACCENT_COLOR_NAME = AccentColor;
				CODE_SIGN_STYLE = Automatic;
				CURRENT_PROJECT_VERSION = 1;
				DEVELOPMENT_ASSET_PATHS = "\"AniList/Preview Content\"";
				DEVELOPMENT_TEAM = SRXHT55569;
				ENABLE_PREVIEWS = YES;
				GENERATE_INFOPLIST_FILE = YES;
				INFOPLIST_KEY_UIApplicationSceneManifest_Generation = YES;
				INFOPLIST_KEY_UIApplicationSupportsIndirectInputEvents = YES;
				INFOPLIST_KEY_UILaunchScreen_Generation = YES;
				INFOPLIST_KEY_UISupportedInterfaceOrientations_iPad = "UIInterfaceOrientationPortrait UIInterfaceOrientationPortraitUpsideDown UIInterfaceOrientationLandscapeLeft UIInterfaceOrientationLandscapeRight";
				INFOPLIST_KEY_UISupportedInterfaceOrientations_iPhone = "UIInterfaceOrientationPortrait UIInterfaceOrientationLandscapeLeft UIInterfaceOrientationLandscapeRight";
				LD_RUNPATH_SEARCH_PATHS = (
					"$(inherited)",
					"@executable_path/Frameworks",
				);
				MARKETING_VERSION = 1.0;
				PRODUCT_BUNDLE_IDENTIFIER = AsyncSwiftUI.AniList;
				PRODUCT_NAME = "$(TARGET_NAME)";
				SWIFT_EMIT_LOC_STRINGS = YES;
				SWIFT_VERSION = 5.0;
				TARGETED_DEVICE_FAMILY = "1,2";
			};
			name = Release;
		};
		E07B26592D9DC52E002A21C9 /* Debug */ = {
			isa = XCBuildConfiguration;
			buildSettings = {
				BUNDLE_LOADER = "$(TEST_HOST)";
				CODE_SIGN_STYLE = Automatic;
				CURRENT_PROJECT_VERSION = 1;
				DEVELOPMENT_TEAM = SRXHT55569;
				GENERATE_INFOPLIST_FILE = YES;
				IPHONEOS_DEPLOYMENT_TARGET = 18.2;
				MARKETING_VERSION = 1.0;
				PRODUCT_BUNDLE_IDENTIFIER = AsyncSwiftUI.AniListTests;
				PRODUCT_NAME = "$(TARGET_NAME)";
				SWIFT_EMIT_LOC_STRINGS = NO;
				SWIFT_VERSION = 5.0;
				TARGETED_DEVICE_FAMILY = "1,2";
				TEST_HOST = "$(BUILT_PRODUCTS_DIR)/AniList.app/$(BUNDLE_EXECUTABLE_FOLDER_PATH)/AniList";
			};
			name = Debug;
		};
		E07B265A2D9DC52E002A21C9 /* Release */ = {
			isa = XCBuildConfiguration;
			buildSettings = {
				BUNDLE_LOADER = "$(TEST_HOST)";
				CODE_SIGN_STYLE = Automatic;
				CURRENT_PROJECT_VERSION = 1;
				DEVELOPMENT_TEAM = SRXHT55569;
				GENERATE_INFOPLIST_FILE = YES;
				IPHONEOS_DEPLOYMENT_TARGET = 18.2;
				MARKETING_VERSION = 1.0;
				PRODUCT_BUNDLE_IDENTIFIER = AsyncSwiftUI.AniListTests;
				PRODUCT_NAME = "$(TARGET_NAME)";
				SWIFT_EMIT_LOC_STRINGS = NO;
				SWIFT_VERSION = 5.0;
				TARGETED_DEVICE_FAMILY = "1,2";
				TEST_HOST = "$(BUILT_PRODUCTS_DIR)/AniList.app/$(BUNDLE_EXECUTABLE_FOLDER_PATH)/AniList";
			};
			name = Release;
		};
		E07B265C2D9DC52E002A21C9 /* Debug */ = {
			isa = XCBuildConfiguration;
			buildSettings = {
				CODE_SIGN_STYLE = Automatic;
				CURRENT_PROJECT_VERSION = 1;
				DEVELOPMENT_TEAM = SRXHT55569;
				GENERATE_INFOPLIST_FILE = YES;
				MARKETING_VERSION = 1.0;
				PRODUCT_BUNDLE_IDENTIFIER = AsyncSwiftUI.AniListUITests;
				PRODUCT_NAME = "$(TARGET_NAME)";
				SWIFT_EMIT_LOC_STRINGS = NO;
				SWIFT_VERSION = 5.0;
				TARGETED_DEVICE_FAMILY = "1,2";
				TEST_TARGET_NAME = AniList;
			};
			name = Debug;
		};
		E07B265D2D9DC52E002A21C9 /* Release */ = {
			isa = XCBuildConfiguration;
			buildSettings = {
				CODE_SIGN_STYLE = Automatic;
				CURRENT_PROJECT_VERSION = 1;
				DEVELOPMENT_TEAM = SRXHT55569;
				GENERATE_INFOPLIST_FILE = YES;
				MARKETING_VERSION = 1.0;
				PRODUCT_BUNDLE_IDENTIFIER = AsyncSwiftUI.AniListUITests;
				PRODUCT_NAME = "$(TARGET_NAME)";
				SWIFT_EMIT_LOC_STRINGS = NO;
				SWIFT_VERSION = 5.0;
				TARGETED_DEVICE_FAMILY = "1,2";
				TEST_TARGET_NAME = AniList;
			};
			name = Release;
		};
/* End XCBuildConfiguration section */

/* Begin XCConfigurationList section */
		E07B262C2D9DC52C002A21C9 /* Build configuration list for PBXProject "AniList" */ = {
			isa = XCConfigurationList;
			buildConfigurations = (
				E07B26532D9DC52E002A21C9 /* Debug */,
				E07B26542D9DC52E002A21C9 /* Release */,
			);
			defaultConfigurationIsVisible = 0;
			defaultConfigurationName = Release;
		};
		E07B26552D9DC52E002A21C9 /* Build configuration list for PBXNativeTarget "AniList" */ = {
			isa = XCConfigurationList;
			buildConfigurations = (
				E07B26562D9DC52E002A21C9 /* Debug */,
				E07B26572D9DC52E002A21C9 /* Release */,
			);
			defaultConfigurationIsVisible = 0;
			defaultConfigurationName = Release;
		};
		E07B26582D9DC52E002A21C9 /* Build configuration list for PBXNativeTarget "AniListTests" */ = {
			isa = XCConfigurationList;
			buildConfigurations = (
				E07B26592D9DC52E002A21C9 /* Debug */,
				E07B265A2D9DC52E002A21C9 /* Release */,
			);
			defaultConfigurationIsVisible = 0;
			defaultConfigurationName = Release;
		};
		E07B265B2D9DC52E002A21C9 /* Build configuration list for PBXNativeTarget "AniListUITests" */ = {
			isa = XCConfigurationList;
			buildConfigurations = (
				E07B265C2D9DC52E002A21C9 /* Debug */,
				E07B265D2D9DC52E002A21C9 /* Release */,
			);
			defaultConfigurationIsVisible = 0;
			defaultConfigurationName = Release;
		};
/* End XCConfigurationList section */

/* Begin XCLocalSwiftPackageReference section */
		E0AC35952DAEE049004FC30E /* XCLocalSwiftPackageReference "AniAPI" */ = {
			isa = XCLocalSwiftPackageReference;
			relativePath = AniAPI;
		};
/* End XCLocalSwiftPackageReference section */

/* Begin XCRemoteSwiftPackageReference section */
		E07B27C52D9F5C52002A21C9 /* XCRemoteSwiftPackageReference "SwiftLint" */ = {
			isa = XCRemoteSwiftPackageReference;
			repositoryURL = "https://github.com/realm/SwiftLint/";
			requirement = {
				kind = upToNextMajorVersion;
				minimumVersion = 0.58.2;
			};
		};
		E0F2DA802DA021F800414A27 /* XCRemoteSwiftPackageReference "apollo-ios" */ = {
			isa = XCRemoteSwiftPackageReference;
			repositoryURL = "https://github.com/apollographql/apollo-ios.git";
			requirement = {
				kind = upToNextMajorVersion;
				minimumVersion = 1.19.0;
			};
		};
/* End XCRemoteSwiftPackageReference section */

/* Begin XCSwiftPackageProductDependency section */
		E0AC35962DAEE049004FC30E /* AniAPI */ = {
			isa = XCSwiftPackageProductDependency;
			productName = AniAPI;
		};
/* End XCSwiftPackageProductDependency section */
	};
	rootObject = E07B26292D9DC52C002A21C9 /* Project object */;
}
